
Microsoft Visual Studio Solution File, Format Version 12.00
# Visual Studio Version 17
VisualStudioVersion = 17.9.34607.119
MinimumVisualStudioVersion = 10.0.40219.1
Project("{FAE04EC0-301F-11D3-BF4B-00C04F79EFBC}") = "POS_build", "POS_build\POS_build.csproj", "{2C59FA83-3712-4BCD-B746-8E727A5AC82A}"
EndProject
Global
	GlobalSection(SolutionConfigurationPlatforms) = preSolution
		Debug|Any CPU = Debug|Any CPU
		Release|Any CPU = Release|Any CPU
	EndGlobalSection
	GlobalSection(ProjectConfigurationPlatforms) = postSolution
		{2C59FA83-3712-4BCD-B746-8E727A5AC82A}.Debug|Any CPU.ActiveCfg = Debug|Any CPU
		{2C59FA83-3712-4BCD-B746-8E727A5AC82A}.Debug|Any CPU.Build.0 = Debug|Any CPU
		{2C59FA83-3712-4BCD-B746-8E727A5AC82A}.Release|Any CPU.ActiveCfg = Release|Any CPU
		{2C59FA83-3712-4BCD-B746-8E727A5AC82A}.Release|Any CPU.Build.0 = Release|Any CPU
	EndGlobalSection
	GlobalSection(SolutionProperties) = preSolution
		HideSolutionNode = FALSE
	EndGlobalSection
	GlobalSection(ExtensibilityGlobals) = postSolution
		SolutionGuid = {DD48EE64-0E9A-434C-94F6-2CE204C134CD}
	EndGlobalSection
EndGlobal
